Microsoft Visual Studio Solution File, Format Version 12.00
# Visual Studio Version 17
VisualStudioVersion = 17.5.2.0
MinimumVisualStudioVersion = 10.0.40219.1
Project("{FAE04EC0-301F-11D3-BF4B-00C04F79EFBC}") = "K8intel", "K8intel.csproj", "{6F324BFB-5DC9-E261-F774-001924CD7CDE}"
EndProject
Global
	GlobalSection(SolutionConfigurationPlatforms) = preSolution
		Debug|Any CPU = Debug|Any CPU
		Release|Any CPU = Release|Any CPU
	EndGlobalSection
	GlobalSection(ProjectConfigurationPlatforms) = postSolution
		{6F324BFB-5DC9-E261-F774-001924CD7CDE}.Debug|Any CPU.ActiveCfg = Debug|Any CPU
		{6F324BFB-5DC9-E261-F774-001924CD7CDE}.Debug|Any CPU.Build.0 = Debug|Any CPU
		{6F324BFB-5DC9-E261-F774-001924CD7CDE}.Release|Any CPU.ActiveCfg = Release|Any CPU
		{6F324BFB-5DC9-E261-F774-001924CD7CDE}.Release|Any CPU.Build.0 = Release|Any CPU
	EndGlobalSection
	GlobalSection(SolutionProperties) = preSolution
		HideSolutionNode = FALSE
	EndGlobalSection
	GlobalSection(ExtensibilityGlobals) = postSolution
		SolutionGuid = {FDF5A9FC-D042-4249-AC2E-96D4AB7919DD}
	EndGlobalSection
EndGlobal
